
Microsoft Visual Studio Solution File, Format Version 12.00
# Visual Studio Version 17
VisualStudioVersion = 17.12.35506.116 d17.12
MinimumVisualStudioVersion = 10.0.40219.1
Project("{2150E333-8FDC-42A3-9474-1A3956D46DE8}") = "Src", "Src", "{488C048C-92E1-4B4A-85F5-8BA4A49FB9C9}"
EndProject
Project("{2150E333-8FDC-42A3-9474-1A3956D46DE8}") = "Presentation", "Presentation", "{CA73BCD8-430E-4C53-859F-108DCD5D8215}"
EndProject
Project("{FAE04EC0-301F-11D3-BF4B-00C04F79EFBC}") = "APIPrj.WebApi", "APIPrj\Src\Presentation\APIPrj.WebApi\APIPrj.WebApi.csproj", "{FACEFB86-DF96-4857-AA12-D0B2759E7180}"
EndProject
Project("{2150E333-8FDC-42A3-9474-1A3956D46DE8}") = "Core", "Core", "{FC9561EC-D670-4A6F-B141-C65621D017D1}"
EndProject
Project("{FAE04EC0-301F-11D3-BF4B-00C04F79EFBC}") = "APIPrj.Application", "APIPrj\Src\Core\APIPrj.Application\APIPrj.Application.csproj", "{8A63D868-7B5D-4BB4-B3A1-1DF8ED8833CE}"
EndProject
Project("{FAE04EC0-301F-11D3-BF4B-00C04F79EFBC}") = "APIPrj.Domain", "APIPrj\Src\Core\APIPrj.Domain\APIPrj.Domain.csproj", "{DBD3EC80-7185-4300-A431-E44F534BEC3C}"
EndProject
Project("{2150E333-8FDC-42A3-9474-1A3956D46DE8}") = "Infrastructure", "Infrastructure", "{3D5EB925-EAC5-4BE4-893D-0113F5AABAFE}"
EndProject
Project("{FAE04EC0-301F-11D3-BF4B-00C04F79EFBC}") = "APIPrj.Infrastructure.Persistence", "APIPrj\Src\Infrastructure\APIPrj.Infrastructure.Persistence\APIPrj.Infrastructure.Persistence.csproj", "{C12A7B83-0974-46CD-874E-2E46563B7E2A}"
EndProject
Project("{FAE04EC0-301F-11D3-BF4B-00C04F79EFBC}") = "APIPrj.Infrastructure.Resources", "APIPrj\Src\Infrastructure\APIPrj.Infrastructure.Resources\APIPrj.Infrastructure.Resources.csproj", "{63EBFBC6-87F4-4180-B24D-326DD97E46DA}"
EndProject
Project("{2150E333-8FDC-42A3-9474-1A3956D46DE8}") = "Tests", "Tests", "{63EFF591-E429-4D5F-8502-09087817FBFA}"
EndProject
Project("{FAE04EC0-301F-11D3-BF4B-00C04F79EFBC}") = "APIPrj.FunctionalTests", "APIPrj\Tests\APIPrj.FunctionalTests\APIPrj.FunctionalTests.csproj", "{C4D00F00-CF53-434C-9D11-803C7CA8BB1F}"
EndProject
Project("{FAE04EC0-301F-11D3-BF4B-00C04F79EFBC}") = "APIPrj.UnitTests", "APIPrj\Tests\APIPrj.UnitTests\APIPrj.UnitTests.csproj", "{1589EC7E-0890-455A-9B87-6205D2FDB048}"
EndProject
Project("{FAE04EC0-301F-11D3-BF4B-00C04F79EFBC}") = "APIPrj.IntegrationTests", "APIPrj\Tests\APIPrj.IntegrationTests\APIPrj.IntegrationTests.csproj", "{C6E45A2F-13DA-4720-968A-320E39AB8C97}"
EndProject
Global
	GlobalSection(SolutionConfigurationPlatforms) = preSolution
		Debug|Any CPU = Debug|Any CPU
		Release|Any CPU = Release|Any CPU
	EndGlobalSection
	GlobalSection(ProjectConfigurationPlatforms) = postSolution
		{FACEFB86-DF96-4857-AA12-D0B2759E7180}.Debug|Any CPU.ActiveCfg = Debug|Any CPU
		{FACEFB86-DF96-4857-AA12-D0B2759E7180}.Debug|Any CPU.Build.0 = Debug|Any CPU
		{FACEFB86-DF96-4857-AA12-D0B2759E7180}.Release|Any CPU.ActiveCfg = Release|Any CPU
		{FACEFB86-DF96-4857-AA12-D0B2759E7180}.Release|Any CPU.Build.0 = Release|Any CPU
		{8A63D868-7B5D-4BB4-B3A1-1DF8ED8833CE}.Debug|Any CPU.ActiveCfg = Debug|Any CPU
		{8A63D868-7B5D-4BB4-B3A1-1DF8ED8833CE}.Debug|Any CPU.Build.0 = Debug|Any CPU
		{8A63D868-7B5D-4BB4-B3A1-1DF8ED8833CE}.Release|Any CPU.ActiveCfg = Release|Any CPU
		{8A63D868-7B5D-4BB4-B3A1-1DF8ED8833CE}.Release|Any CPU.Build.0 = Release|Any CPU
		{DBD3EC80-7185-4300-A431-E44F534BEC3C}.Debug|Any CPU.ActiveCfg = Debug|Any CPU
		{DBD3EC80-7185-4300-A431-E44F534BEC3C}.Debug|Any CPU.Build.0 = Debug|Any CPU
		{DBD3EC80-7185-4300-A431-E44F534BEC3C}.Release|Any CPU.ActiveCfg = Release|Any CPU
		{DBD3EC80-7185-4300-A431-E44F534BEC3C}.Release|Any CPU.Build.0 = Release|Any CPU
		{C12A7B83-0974-46CD-874E-2E46563B7E2A}.Debug|Any CPU.ActiveCfg = Debug|Any CPU
		{C12A7B83-0974-46CD-874E-2E46563B7E2A}.Debug|Any CPU.Build.0 = Debug|Any CPU
		{C12A7B83-0974-46CD-874E-2E46563B7E2A}.Release|Any CPU.ActiveCfg = Release|Any CPU
		{C12A7B83-0974-46CD-874E-2E46563B7E2A}.Release|Any CPU.Build.0 = Release|Any CPU
		{63EBFBC6-87F4-4180-B24D-326DD97E46DA}.Debug|Any CPU.ActiveCfg = Debug|Any CPU
		{63EBFBC6-87F4-4180-B24D-326DD97E46DA}.Debug|Any CPU.Build.0 = Debug|Any CPU
		{63EBFBC6-87F4-4180-B24D-326DD97E46DA}.Release|Any CPU.ActiveCfg = Release|Any CPU
		{63EBFBC6-87F4-4180-B24D-326DD97E46DA}.Release|Any CPU.Build.0 = Release|Any CPU
		{C4D00F00-CF53-434C-9D11-803C7CA8BB1F}.Debug|Any CPU.ActiveCfg = Debug|Any CPU
		{C4D00F00-CF53-434C-9D11-803C7CA8BB1F}.Debug|Any CPU.Build.0 = Debug|Any CPU
		{C4D00F00-CF53-434C-9D11-803C7CA8BB1F}.Release|Any CPU.ActiveCfg = Release|Any CPU
		{C4D00F00-CF53-434C-9D11-803C7CA8BB1F}.Release|Any CPU.Build.0 = Release|Any CPU
		{1589EC7E-0890-455A-9B87-6205D2FDB048}.Debug|Any CPU.ActiveCfg = Debug|Any CPU
		{1589EC7E-0890-455A-9B87-6205D2FDB048}.Debug|Any CPU.Build.0 = Debug|Any CPU
		{1589EC7E-0890-455A-9B87-6205D2FDB048}.Release|Any CPU.ActiveCfg = Release|Any CPU
		{1589EC7E-0890-455A-9B87-6205D2FDB048}.Release|Any CPU.Build.0 = Release|Any CPU
		{C6E45A2F-13DA-4720-968A-320E39AB8C97}.Debug|Any CPU.ActiveCfg = Debug|Any CPU
		{C6E45A2F-13DA-4720-968A-320E39AB8C97}.Debug|Any CPU.Build.0 = Debug|Any CPU
		{C6E45A2F-13DA-4720-968A-320E39AB8C97}.Release|Any CPU.ActiveCfg = Release|Any CPU
		{C6E45A2F-13DA-4720-968A-320E39AB8C97}.Release|Any CPU.Build.0 = Release|Any CPU
	EndGlobalSection
	GlobalSection(SolutionProperties) = preSolution
		HideSolutionNode = FALSE
	EndGlobalSection
	GlobalSection(NestedProjects) = preSolution
		{CA73BCD8-430E-4C53-859F-108DCD5D8215} = {488C048C-92E1-4B4A-85F5-8BA4A49FB9C9}
		{FACEFB86-DF96-4857-AA12-D0B2759E7180} = {CA73BCD8-430E-4C53-859F-108DCD5D8215}
		{FC9561EC-D670-4A6F-B141-C65621D017D1} = {488C048C-92E1-4B4A-85F5-8BA4A49FB9C9}
		{8A63D868-7B5D-4BB4-B3A1-1DF8ED8833CE} = {FC9561EC-D670-4A6F-B141-C65621D017D1}
		{DBD3EC80-7185-4300-A431-E44F534BEC3C} = {FC9561EC-D670-4A6F-B141-C65621D017D1}
		{3D5EB925-EAC5-4BE4-893D-0113F5AABAFE} = {488C048C-92E1-4B4A-85F5-8BA4A49FB9C9}
		{C12A7B83-0974-46CD-874E-2E46563B7E2A} = {3D5EB925-EAC5-4BE4-893D-0113F5AABAFE}
		{63EBFBC6-87F4-4180-B24D-326DD97E46DA} = {3D5EB925-EAC5-4BE4-893D-0113F5AABAFE}
		{C4D00F00-CF53-434C-9D11-803C7CA8BB1F} = {63EFF591-E429-4D5F-8502-09087817FBFA}
		{1589EC7E-0890-455A-9B87-6205D2FDB048} = {63EFF591-E429-4D5F-8502-09087817FBFA}
		{C6E45A2F-13DA-4720-968A-320E39AB8C97} = {63EFF591-E429-4D5F-8502-09087817FBFA}
	EndGlobalSection
EndGlobal
